// !$*UTF8*$!
{
	archiveVersion = 1;
	classes = {
	};
	objectVersion = 55;
	objects = {

/* Begin PBXBuildFile section */
		C3E0C89228403F85007ED348 /* PicturesApp.swift in Sources */ = {isa = PBXBuildFile; fileRef = C3E0C89128403F85007ED348 /* PicturesApp.swift */; };
		C3E0C89428403F85007ED348 /* ContentView.swift in Sources */ = {isa = PBXBuildFile; fileRef = C3E0C89328403F85007ED348 /* ContentView.swift */; };
		C3E0C89628403F86007ED348 /* Assets.xcassets in Resources */ = {isa = PBXBuildFile; fileRef = C3E0C89528403F86007ED348 /* Assets.xcassets */; };
		C3E0C89928403F86007ED348 /* Preview Assets.xcassets in Resources */ = {isa = PBXBuildFile; fileRef = C3E0C89828403F86007ED348 /* Preview Assets.xcassets */; };
		C3E0C8A628404539007ED348 /* PictureEntity-Extension.swift in Sources */ = {isa = PBXBuildFile; fileRef = C3E0C8A528404539007ED348 /* PictureEntity-Extension.swift */; };
		C3E0C8AB28404674007ED348 /* FileManager-DocumentsDirectory.swift in Sources */ = {isa = PBXBuildFile; fileRef = C3E0C8AA28404674007ED348 /* FileManager-DocumentsDirectory.swift */; };
		C3E0C8AD284046D3007ED348 /* ContentViewModel.swift in Sources */ = {isa = PBXBuildFile; fileRef = C3E0C8AC284046D3007ED348 /* ContentViewModel.swift */; };
		C3E0C8AF2840DDED007ED348 /* AddView.swift in Sources */ = {isa = PBXBuildFile; fileRef = C3E0C8AE2840DDED007ED348 /* AddView.swift */; };
		C3E0C8B12840DE84007ED348 /* CoreDataViewModel.swift in Sources */ = {isa = PBXBuildFile; fileRef = C3E0C8B02840DE84007ED348 /* CoreDataViewModel.swift */; };
		C3E0C8B72840E106007ED348 /* PicturesContainer.xcdatamodeld in Sources */ = {isa = PBXBuildFile; fileRef = C3E0C8B52840E106007ED348 /* PicturesContainer.xcdatamodeld */; };
		C3E0C8B92840EFBB007ED348 /* ImagePicker.swift in Sources */ = {isa = PBXBuildFile; fileRef = C3E0C8B82840EFBB007ED348 /* ImagePicker.swift */; };
		C3E0C8BB28415A48007ED348 /* ImageHelper.swift in Sources */ = {isa = PBXBuildFile; fileRef = C3E0C8BA28415A48007ED348 /* ImageHelper.swift */; };
		C3E0C8BD28415C96007ED348 /* DetailView.swift in Sources */ = {isa = PBXBuildFile; fileRef = C3E0C8BC28415C96007ED348 /* DetailView.swift */; };
		C3E0C8BF28416399007ED348 /* LocationFetcher.swift in Sources */ = {isa = PBXBuildFile; fileRef = C3E0C8BE28416399007ED348 /* LocationFetcher.swift */; };
/* End PBXBuildFile section */

/* Begin PBXFileReference section */
		C3E0C88E28403F85007ED348 /* 77-Pictures.app */ = {isa = PBXFileReference; explicitFileType = wrapper.application; includeInIndex = 0; path = "77-Pictures.app"; sourceTree = BUILT_PRODUCTS_DIR; };
		C3E0C89128403F85007ED348 /* PicturesApp.swift */ = {isa = PBXFileReference; lastKnownFileType = sourcecode.swift; path = PicturesApp.swift; sourceTree = "<group>"; };
		C3E0C89328403F85007ED348 /* ContentView.swift */ = {isa = PBXFileReference; lastKnownFileType = sourcecode.swift; path = ContentView.swift; sourceTree = "<group>"; };
		C3E0C89528403F86007ED348 /* Assets.xcassets */ = {isa = PBXFileReference; lastKnownFileType = folder.assetcatalog; path = Assets.xcassets; sourceTree = "<group>"; };
		C3E0C89828403F86007ED348 /* Preview Assets.xcassets */ = {isa = PBXFileReference; lastKnownFileType = folder.assetcatalog; path = "Preview Assets.xcassets"; sourceTree = "<group>"; };
		C3E0C8A528404539007ED348 /* PictureEntity-Extension.swift */ = {isa = PBXFileReference; lastKnownFileType = sourcecode.swift; path = "PictureEntity-Extension.swift"; sourceTree = "<group>"; };
		C3E0C8AA28404674007ED348 /* FileManager-DocumentsDirectory.swift */ = {isa = PBXFileReference; fileEncoding = 4; lastKnownFileType = sourcecode.swift; path = "FileManager-DocumentsDirectory.swift"; sourceTree = "<group>"; };
		C3E0C8AC284046D3007ED348 /* ContentViewModel.swift */ = {isa = PBXFileReference; lastKnownFileType = sourcecode.swift; path = ContentViewModel.swift; sourceTree = "<group>"; };
		C3E0C8AE2840DDED007ED348 /* AddView.swift */ = {isa = PBXFileReference; lastKnownFileType = sourcecode.swift; path = AddView.swift; sourceTree = "<group>"; };
		C3E0C8B02840DE84007ED348 /* CoreDataViewModel.swift */ = {isa = PBXFileReference; lastKnownFileType = sourcecode.swift; path = CoreDataViewModel.swift; sourceTree = "<group>"; };
		C3E0C8B62840E106007ED348 /* PicturesContainer.xcdatamodel */ = {isa = PBXFileReference; lastKnownFileType = wrapper.xcdatamodel; path = PicturesContainer.xcdatamodel; sourceTree = "<group>"; };
		C3E0C8B82840EFBB007ED348 /* ImagePicker.swift */ = {isa = PBXFileReference; lastKnownFileType = sourcecode.swift; path = ImagePicker.swift; sourceTree = "<group>"; };
		C3E0C8BA28415A48007ED348 /* ImageHelper.swift */ = {isa = PBXFileReference; lastKnownFileType = sourcecode.swift; path = ImageHelper.swift; sourceTree = "<group>"; };
		C3E0C8BC28415C96007ED348 /* DetailView.swift */ = {isa = PBXFileReference; lastKnownFileType = sourcecode.swift; path = DetailView.swift; sourceTree = "<group>"; };
		C3E0C8BE28416399007ED348 /* LocationFetcher.swift */ = {isa = PBXFileReference; lastKnownFileType = sourcecode.swift; path = LocationFetcher.swift; sourceTree = "<group>"; };
/* End PBXFileReference section */

/* Begin PBXFrameworksBuildPhase section */
		C3E0C88B28403F85007ED348 /* Frameworks */ = {
			isa = PBXFrameworksBuildPhase;
			buildActionMask = 2147483647;
			files = (
			);
			runOnlyForDeploymentPostprocessing = 0;
		};
/* End PBXFrameworksBuildPhase section */

/* Begin PBXGroup section */
		C3E0C88528403F85007ED348 = {
			isa = PBXGroup;
			children = (
				C3E0C89028403F85007ED348 /* 77-Pictures */,
				C3E0C88F28403F85007ED348 /* Products */,
			);
			sourceTree = "<group>";
		};
		C3E0C88F28403F85007ED348 /* Products */ = {
			isa = PBXGroup;
			children = (
				C3E0C88E28403F85007ED348 /* 77-Pictures.app */,
			);
			name = Products;
			sourceTree = "<group>";
		};
		C3E0C89028403F85007ED348 /* 77-Pictures */ = {
			isa = PBXGroup;
			children = (
				C3E0C89128403F85007ED348 /* PicturesApp.swift */,
				C3E0C8A728404613007ED348 /* Views */,
				C3E0C8A928404639007ED348 /* View Models */,
				C3E0C8A2284040DF007ED348 /* Data */,
				C3E0C8A828404624007ED348 /* Helpers */,
				C3E0C89528403F86007ED348 /* Assets.xcassets */,
				C3E0C89728403F86007ED348 /* Preview Content */,
			);
			path = "77-Pictures";
			sourceTree = "<group>";
		};
		C3E0C89728403F86007ED348 /* Preview Content */ = {
			isa = PBXGroup;
			children = (
				C3E0C89828403F86007ED348 /* Preview Assets.xcassets */,
			);
			path = "Preview Content";
			sourceTree = "<group>";
		};
		C3E0C8A2284040DF007ED348 /* Data */ = {
			isa = PBXGroup;
			children = (
				C3E0C8A528404539007ED348 /* PictureEntity-Extension.swift */,
				C3E0C8B52840E106007ED348 /* PicturesContainer.xcdatamodeld */,
			);
			path = Data;
			sourceTree = "<group>";
		};
		C3E0C8A728404613007ED348 /* Views */ = {
			isa = PBXGroup;
			children = (
				C3E0C89328403F85007ED348 /* ContentView.swift */,
				C3E0C8AE2840DDED007ED348 /* AddView.swift */,
				C3E0C8BC28415C96007ED348 /* DetailView.swift */,
			);
			path = Views;
			sourceTree = "<group>";
		};
		C3E0C8A828404624007ED348 /* Helpers */ = {
			isa = PBXGroup;
			children = (
				C3E0C8AA28404674007ED348 /* FileManager-DocumentsDirectory.swift */,
				C3E0C8B82840EFBB007ED348 /* ImagePicker.swift */,
				C3E0C8BA28415A48007ED348 /* ImageHelper.swift */,
				C3E0C8BE28416399007ED348 /* LocationFetcher.swift */,
			);
			path = Helpers;
			sourceTree = "<group>";
		};
		C3E0C8A928404639007ED348 /* View Models */ = {
			isa = PBXGroup;
			children = (
				C3E0C8AC284046D3007ED348 /* ContentViewModel.swift */,
				C3E0C8B02840DE84007ED348 /* CoreDataViewModel.swift */,
			);
			path = "View Models";
			sourceTree = "<group>";
		};
/* End PBXGroup section */

/* Begin PBXNativeTarget section */
		C3E0C88D28403F85007ED348 /* 77-Pictures */ = {
			isa = PBXNativeTarget;
			buildConfigurationList = C3E0C89C28403F86007ED348 /* Build configuration list for PBXNativeTarget "77-Pictures" */;
			buildPhases = (
				C3E0C88A28403F85007ED348 /* Sources */,
				C3E0C88B28403F85007ED348 /* Frameworks */,
				C3E0C88C28403F85007ED348 /* Resources */,
			);
			buildRules = (
			);
			dependencies = (
			);
			name = "77-Pictures";
			productName = "77-Pictures";
			productReference = C3E0C88E28403F85007ED348 /* 77-Pictures.app */;
			productType = "com.apple.product-type.application";
		};
/* End PBXNativeTarget section */

/* Begin PBXProject section */
		C3E0C88628403F85007ED348 /* Project object */ = {
			isa = PBXProject;
			attributes = {
				BuildIndependentTargetsInParallel = 1;
				LastSwiftUpdateCheck = 1340;
				LastUpgradeCheck = 1340;
				TargetAttributes = {
					C3E0C88D28403F85007ED348 = {
						CreatedOnToolsVersion = 13.4;
					};
				};
			};
			buildConfigurationList = C3E0C88928403F85007ED348 /* Build configuration list for PBXProject "77-Pictures" */;
			compatibilityVersion = "Xcode 13.0";
			developmentRegion = en;
			hasScannedForEncodings = 0;
			knownRegions = (
				en,
				Base,
			);
			mainGroup = C3E0C88528403F85007ED348;
			productRefGroup = C3E0C88F28403F85007ED348 /* Products */;
			projectDirPath = "";
			projectRoot = "";
			targets = (
				C3E0C88D28403F85007ED348 /* 77-Pictures */,
			);
		};
/* End PBXProject section */

/* Begin PBXResourcesBuildPhase section */
		C3E0C88C28403F85007ED348 /* Resources */ = {
			isa = PBXResourcesBuildPhase;
			buildActionMask = 2147483647;
			files = (
				C3E0C89928403F86007ED348 /* Preview Assets.xcassets in Resources */,
				C3E0C89628403F86007ED348 /* Assets.xcassets in Resources */,
			);
			runOnlyForDeploymentPostprocessing = 0;
		};
/* End PBXResourcesBuildPhase section */

/* Begin PBXSourcesBuildPhase section */
		C3E0C88A28403F85007ED348 /* Sources */ = {
			isa = PBXSourcesBuildPhase;
			buildActionMask = 2147483647;
			files = (
				C3E0C8B72840E106007ED348 /* PicturesContainer.xcdatamodeld in Sources */,
				C3E0C8BB28415A48007ED348 /* ImageHelper.swift in Sources */,
				C3E0C8BF28416399007ED348 /* LocationFetcher.swift in Sources */,
				C3E0C8AB28404674007ED348 /* FileManager-DocumentsDirectory.swift in Sources */,
				C3E0C8B12840DE84007ED348 /* CoreDataViewModel.swift in Sources */,
				C3E0C8B92840EFBB007ED348 /* ImagePicker.swift in Sources */,
				C3E0C8BD28415C96007ED348 /* DetailView.swift in Sources */,
				C3E0C8AD284046D3007ED348 /* ContentViewModel.swift in Sources */,
				C3E0C8AF2840DDED007ED348 /* AddView.swift in Sources */,
				C3E0C89428403F85007ED348 /* ContentView.swift in Sources */,
				C3E0C8A628404539007ED348 /* PictureEntity-Extension.swift in Sources */,
				C3E0C89228403F85007ED348 /* PicturesApp.swift in Sources */,
			);
			runOnlyForDeploymentPostprocessing = 0;
		};
/* End PBXSourcesBuildPhase section */

/* Begin XCBuildConfiguration section */
		C3E0C89A28403F86007ED348 /* Debug */ = {
			isa = XCBuildConfiguration;
			buildSettings = {
				ALWAYS_SEARCH_USER_PATHS = NO;
				CLANG_ANALYZER_NONNULL = YES;
				CLANG_ANALYZER_NUMBER_OBJECT_CONVERSION = YES_AGGRESSIVE;
				CLANG_CXX_LANGUAGE_STANDARD = "gnu++17";
				CLANG_ENABLE_MODULES = YES;
				CLANG_ENABLE_OBJC_ARC = YES;
				CLANG_ENABLE_OBJC_WEAK = YES;
				CLANG_WARN_BLOCK_CAPTURE_AUTORELEASING = YES;
				CLANG_WARN_BOOL_CONVERSION = YES;
				CLANG_WARN_COMMA = YES;
				CLANG_WARN_CONSTANT_CONVERSION = YES;
				CLANG_WARN_DEPRECATED_OBJC_IMPLEMENTATIONS = YES;
				CLANG_WARN_DIRECT_OBJC_ISA_USAGE = YES_ERROR;
				CLANG_WARN_DOCUMENTATION_COMMENTS = YES;
				CLANG_WARN_EMPTY_BODY = YES;
				CLANG_WARN_ENUM_CONVERSION = YES;
				CLANG_WARN_INFINITE_RECURSION = YES;
				CLANG_WARN_INT_CONVERSION = YES;
				CLANG_WARN_NON_LITERAL_NULL_CONVERSION = YES;
				CLANG_WARN_OBJC_IMPLICIT_RETAIN_SELF = YES;
				CLANG_WARN_OBJC_LITERAL_CONVERSION = YES;
				CLANG_WARN_OBJC_ROOT_CLASS = YES_ERROR;
				CLANG_WARN_QUOTED_INCLUDE_IN_FRAMEWORK_HEADER = YES;
				CLANG_WARN_RANGE_LOOP_ANALYSIS = YES;
				CLANG_WARN_STRICT_PROTOTYPES = YES;
				CLANG_WARN_SUSPICIOUS_MOVE = YES;
				CLANG_WARN_UNGUARDED_AVAILABILITY = YES_AGGRESSIVE;
				CLANG_WARN_UNREACHABLE_CODE = YES;
				CLANG_WARN__DUPLICATE_METHOD_MATCH = YES;
				COPY_PHASE_STRIP = NO;
				DEBUG_INFORMATION_FORMAT = dwarf;
				ENABLE_STRICT_OBJC_MSGSEND = YES;
				ENABLE_TESTABILITY = YES;
				GCC_C_LANGUAGE_STANDARD = gnu11;
				GCC_DYNAMIC_NO_PIC = NO;
				GCC_NO_COMMON_BLOCKS = YES;
				GCC_OPTIMIZATION_LEVEL = 0;
				GCC_PREPROCESSOR_DEFINITIONS = (
					"DEBUG=1",
					"$(inherited)",
				);
				GCC_WARN_64_TO_32_BIT_CONVERSION = YES;
				GCC_WARN_ABOUT_RETURN_TYPE = YES_ERROR;
				GCC_WARN_UNDECLARED_SELECTOR = YES;
				GCC_WARN_UNINITIALIZED_AUTOS = YES_AGGRESSIVE;
				GCC_WARN_UNUSED_FUNCTION = YES;
				GCC_WARN_UNUSED_VARIABLE = YES;
				IPHONEOS_DEPLOYMENT_TARGET = 15.5;
				MTL_ENABLE_DEBUG_INFO = INCLUDE_SOURCE;
				MTL_FAST_MATH = YES;
				ONLY_ACTIVE_ARCH = YES;
				SDKROOT = iphoneos;
				SWIFT_ACTIVE_COMPILATION_CONDITIONS = DEBUG;
				SWIFT_OPTIMIZATION_LEVEL = "-Onone";
			};
			name = Debug;
		};
		C3E0C89B28403F86007ED348 /* Release */ = {
			isa = XCBuildConfiguration;
			buildSettings = {
				ALWAYS_SEARCH_USER_PATHS = NO;
				CLANG_ANALYZER_NONNULL = YES;
				CLANG_ANALYZER_NUMBER_OBJECT_CONVERSION = YES_AGGRESSIVE;
				CLANG_CXX_LANGUAGE_STANDARD = "gnu++17";
				CLANG_ENABLE_MODULES = YES;
				CLANG_ENABLE_OBJC_ARC = YES;
				CLANG_ENABLE_OBJC_WEAK = YES;
				CLANG_WARN_BLOCK_CAPTURE_AUTORELEASING = YES;
				CLANG_WARN_BOOL_CONVERSION = YES;
				CLANG_WARN_COMMA = YES;
				CLANG_WARN_CONSTANT_CONVERSION = YES;
				CLANG_WARN_DEPRECATED_OBJC_IMPLEMENTATIONS = YES;
				CLANG_WARN_DIRECT_OBJC_ISA_USAGE = YES_ERROR;
				CLANG_WARN_DOCUMENTATION_COMMENTS = YES;
				CLANG_WARN_EMPTY_BODY = YES;
				CLANG_WARN_ENUM_CONVERSION = YES;
				CLANG_WARN_INFINITE_RECURSION = YES;
				CLANG_WARN_INT_CONVERSION = YES;
				CLANG_WARN_NON_LITERAL_NULL_CONVERSION = YES;
				CLANG_WARN_OBJC_IMPLICIT_RETAIN_SELF = YES;
				CLANG_WARN_OBJC_LITERAL_CONVERSION = YES;
				CLANG_WARN_OBJC_ROOT_CLASS = YES_ERROR;
				CLANG_WARN_QUOTED_INCLUDE_IN_FRAMEWORK_HEADER = YES;
				CLANG_WARN_RANGE_LOOP_ANALYSIS = YES;
				CLANG_WARN_STRICT_PROTOTYPES = YES;
				CLANG_WARN_SUSPICIOUS_MOVE = YES;
				CLANG_WARN_UNGUARDED_AVAILABILITY = YES_AGGRESSIVE;
				CLANG_WARN_UNREACHABLE_CODE = YES;
				CLANG_WARN__DUPLICATE_METHOD_MATCH = YES;
				COPY_PHASE_STRIP = NO;
				DEBUG_INFORMATION_FORMAT = "dwarf-with-dsym";
				ENABLE_NS_ASSERTIONS = NO;
				ENABLE_STRICT_OBJC_MSGSEND = YES;
				GCC_C_LANGUAGE_STANDARD = gnu11;
				GCC_NO_COMMON_BLOCKS = YES;
				GCC_WARN_64_TO_32_BIT_CONVERSION = YES;
				GCC_WARN_ABOUT_RETURN_TYPE = YES_ERROR;
				GCC_WARN_UNDECLARED_SELECTOR = YES;
				GCC_WARN_UNINITIALIZED_AUTOS = YES_AGGRESSIVE;
				GCC_WARN_UNUSED_FUNCTION = YES;
				GCC_WARN_UNUSED_VARIABLE = YES;
				IPHONEOS_DEPLOYMENT_TARGET = 15.5;
				MTL_ENABLE_DEBUG_INFO = NO;
				MTL_FAST_MATH = YES;
				SDKROOT = iphoneos;
				SWIFT_COMPILATION_MODE = wholemodule;
				SWIFT_OPTIMIZATION_LEVEL = "-O";
				VALIDATE_PRODUCT = YES;
			};
			name = Release;
		};
		C3E0C89D28403F86007ED348 /* Debug */ = {
			isa = XCBuildConfiguration;
			buildSettings = {
				ASSETCATALOG_COMPILER_APPICON_NAME = AppIcon;
				ASSETCATALOG_COMPILER_GLOBAL_ACCENT_COLOR_NAME = AccentColor;
				CODE_SIGN_STYLE = Automatic;
				CURRENT_PROJECT_VERSION = 1;
				DEVELOPMENT_ASSET_PATHS = "\"77-Pictures/Preview Content\"";
				DEVELOPMENT_TEAM = 2PWD73ANN2;
				ENABLE_PREVIEWS = YES;
				GENERATE_INFOPLIST_FILE = YES;
				INFOPLIST_KEY_NSCameraUsageDescription = "We would like to use your camera to import photos";
				INFOPLIST_KEY_NSLocationWhenInUseUsageDescription = "We would like to know your location to tag your pictures on a map";
				INFOPLIST_KEY_UIApplicationSceneManifest_Generation = YES;
				INFOPLIST_KEY_UIApplicationSupportsIndirectInputEvents = YES;
				INFOPLIST_KEY_UILaunchScreen_Generation = YES;
				INFOPLIST_KEY_UISupportedInterfaceOrientations_iPad = "UIInterfaceOrientationPortrait UIInterfaceOrientationPortraitUpsideDown UIInterfaceOrientationLandscapeLeft UIInterfaceOrientationLandscapeRight";
				INFOPLIST_KEY_UISupportedInterfaceOrientations_iPhone = "UIInterfaceOrientationPortrait UIInterfaceOrientationLandscapeLeft UIInterfaceOrientationLandscapeRight";
				IPHONEOS_DEPLOYMENT_TARGET = 15.0;
				LD_RUNPATH_SEARCH_PATHS = (
					"$(inherited)",
					"@executable_path/Frameworks",
				);
				MARKETING_VERSION = 1.0;
				PRODUCT_BUNDLE_IDENTIFIER = "com.michaelpascucci.-7-Pictures";
				PRODUCT_NAME = "$(TARGET_NAME)";
				SWIFT_EMIT_LOC_STRINGS = YES;
				SWIFT_VERSION = 5.0;
				TARGETED_DEVICE_FAMILY = "1,2";
			};
			name = Debug;
		};
		C3E0C89E28403F86007ED348 /* Release */ = {
			isa = XCBuildConfiguration;
			buildSettings = {
				ASSETCATALOG_COMPILER_APPICON_NAME = AppIcon;
				ASSETCATALOG_COMPILER_GLOBAL_ACCENT_COLOR_NAME = AccentColor;
				CODE_SIGN_STYLE = Automatic;
				CURRENT_PROJECT_VERSION = 1;
				DEVELOPMENT_ASSET_PATHS = "\"77-Pictures/Preview Content\"";
				DEVELOPMENT_TEAM = 2PWD73ANN2;
				ENABLE_PREVIEWS = YES;
				GENERATE_INFOPLIST_FILE = YES;
				INFOPLIST_KEY_NSCameraUsageDescription = "We would like to use your camera to import photos";
				INFOPLIST_KEY_NSLocationWhenInUseUsageDescription = "We would like to know your location to tag your pictures on a map";
				INFOPLIST_KEY_UIApplicationSceneManifest_Generation = YES;
				INFOPLIST_KEY_UIApplicationSupportsIndirectInputEvents = YES;
				INFOPLIST_KEY_UILaunchScreen_Generation = YES;
				INFOPLIST_KEY_UISupportedInterfaceOrientations_iPad = "UIInterfaceOrientationPortrait UIInterfaceOrientationPortraitUpsideDown UIInterfaceOrientationLandscapeLeft UIInterfaceOrientationLandscapeRight";
				INFOPLIST_KEY_UISupportedInterfaceOrientations_iPhone = "UIInterfaceOrientationPortrait UIInterfaceOrientationLandscapeLeft UIInterfaceOrientationLandscapeRight";
				IPHONEOS_DEPLOYMENT_TARGET = 15.0;
				LD_RUNPATH_SEARCH_PATHS = (
					"$(inherited)",
					"@executable_path/Frameworks",
				);
				MARKETING_VERSION = 1.0;
				PRODUCT_BUNDLE_IDENTIFIER = "com.michaelpascucci.-7-Pictures";
				PRODUCT_NAME = "$(TARGET_NAME)";
				SWIFT_EMIT_LOC_STRINGS = YES;
				SWIFT_VERSION = 5.0;
				TARGETED_DEVICE_FAMILY = "1,2";
			};
			name = Release;
		};
/* End XCBuildConfiguration section */

/* Begin XCConfigurationList section */
		C3E0C88928403F85007ED348 /* Build configuration list for PBXProject "77-Pictures" */ = {
			isa = XCConfigurationList;
			buildConfigurations = (
				C3E0C89A28403F86007ED348 /* Debug */,
				C3E0C89B28403F86007ED348 /* Release */,
			);
			defaultConfigurationIsVisible = 0;
			defaultConfigurationName = Release;
		};
		C3E0C89C28403F86007ED348 /* Build configuration list for PBXNativeTarget "77-Pictures" */ = {
			isa = XCConfigurationList;
			buildConfigurations = (
				C3E0C89D28403F86007ED348 /* Debug */,
				C3E0C89E28403F86007ED348 /* Release */,
			);
			defaultConfigurationIsVisible = 0;
			defaultConfigurationName = Release;
		};
/* End XCConfigurationList section */

/* Begin XCVersionGroup section */
		C3E0C8B52840E106007ED348 /* PicturesContainer.xcdatamodeld */ = {
			isa = XCVersionGroup;
			children = (
				C3E0C8B62840E106007ED348 /* PicturesContainer.xcdatamodel */,
			);
			currentVersion = C3E0C8B62840E106007ED348 /* PicturesContainer.xcdatamodel */;
			path = PicturesContainer.xcdatamodeld;
			sourceTree = "<group>";
			versionGroupType = wrapper.xcdatamodel;
		};
/* End XCVersionGroup section */
	};
	rootObject = C3E0C88628403F85007ED348 /* Project object */;
}
